Microsoft Visual Studio Solution File, Format Version 12.00
# Visual Studio Version 17
VisualStudioVersion = 17.5.2.0
MinimumVisualStudioVersion = 10.0.40219.1
Project("{FAE04EC0-301F-11D3-BF4B-00C04F79EFBC}") = "Problema-1_Coletor_de_Dados_Pessoais", "Problema-1_Coletor_de_Dados_Pessoais.csproj", "{FE76BE93-BB62-3BF4-AEAC-75D54A1F68C6}"
EndProject
Global
	GlobalSection(SolutionConfigurationPlatforms) = preSolution
		Debug|Any CPU = Debug|Any CPU
		Release|Any CPU = Release|Any CPU
	EndGlobalSection
	GlobalSection(ProjectConfigurationPlatforms) = postSolution
		{FE76BE93-BB62-3BF4-AEAC-75D54A1F68C6}.Debug|Any CPU.ActiveCfg = Debug|Any CPU
		{FE76BE93-BB62-3BF4-AEAC-75D54A1F68C6}.Debug|Any CPU.Build.0 = Debug|Any CPU
		{FE76BE93-BB62-3BF4-AEAC-75D54A1F68C6}.Release|Any CPU.ActiveCfg = Release|Any CPU
		{FE76BE93-BB62-3BF4-AEAC-75D54A1F68C6}.Release|Any CPU.Build.0 = Release|Any CPU
	EndGlobalSection
	GlobalSection(SolutionProperties) = preSolution
		HideSolutionNode = FALSE
	EndGlobalSection
	GlobalSection(ExtensibilityGlobals) = postSolution
		SolutionGuid = {7AF1B358-4BF3-4EBA-8D6E-8A010463ED0E}
	EndGlobalSection
EndGlobal
